
Microsoft Visual Studio Solution File, Format Version 12.00
# Visual Studio Version 17
VisualStudioVersion = 17.0.32014.148
MinimumVisualStudioVersion = 10.0.40219.1
Project("{9A19103F-16F7-4668-BE54-9A1E7A4F7556}") = "Kinematicula", "Kinematicula\Kinematicula.csproj", "{0554CC27-C84E-453C-8A29-9463EF5F3BBE}"
EndProject
Project("{9A19103F-16F7-4668-BE54-9A1E7A4F7556}") = "Kinematicula.Test", "Kinematicula.Test\Kinematicula.Test.csproj", "{B6C08343-9863-44EA-9055-39D1B8EA30DB}"
EndProject
Project("{2150E333-8FDC-42A3-9474-1A3956D46DE8}") = "Views", "Views", "{122DCC81-4E0E-445C-A7F6-B25304C7379C}"
EndProject
Project("{9A19103F-16F7-4668-BE54-9A1E7A4F7556}") = "HiddenLineViewerApi", "Views\HiddenLineViewerApi\HiddenLineViewerApi.csproj", "{5880C922-8D1A-4C61-905D-8891BD968EAF}"
EndProject
Project("{9A19103F-16F7-4668-BE54-9A1E7A4F7556}") = "ThreeJsViewerApi", "Views\ThreeJsViewerApi\ThreeJsViewerApi.csproj", "{7337DF9D-EBA1-437B-A600-D0E5C7A02970}"
EndProject
Project("{9A19103F-16F7-4668-BE54-9A1E7A4F7556}") = "ThreeJsViewerApi.Test", "Views\ThreeJsViewerApi.Test\ThreeJsViewerApi.Test.csproj", "{D3739F2C-DA39-4DF5-A95D-CBBF011DE4CF}"
EndProject
Project("{FAE04EC0-301F-11D3-BF4B-00C04F79EFBC}") = "KinematiculaPacking", "KinematiculaPacker\KinematiculaPacking.csproj", "{16C4BDD7-A984-4809-AFC2-34300BD5876D}"
EndProject
Global
	GlobalSection(SolutionConfigurationPlatforms) = preSolution
		Debug|Any CPU = Debug|Any CPU
		Release|Any CPU = Release|Any CPU
	EndGlobalSection
	GlobalSection(ProjectConfigurationPlatforms) = postSolution
		{0554CC27-C84E-453C-8A29-9463EF5F3BBE}.Debug|Any CPU.ActiveCfg = Debug|Any CPU
		{0554CC27-C84E-453C-8A29-9463EF5F3BBE}.Debug|Any CPU.Build.0 = Debug|Any CPU
		{0554CC27-C84E-453C-8A29-9463EF5F3BBE}.Release|Any CPU.ActiveCfg = Release|Any CPU
		{0554CC27-C84E-453C-8A29-9463EF5F3BBE}.Release|Any CPU.Build.0 = Release|Any CPU
		{B6C08343-9863-44EA-9055-39D1B8EA30DB}.Debug|Any CPU.ActiveCfg = Debug|Any CPU
		{B6C08343-9863-44EA-9055-39D1B8EA30DB}.Debug|Any CPU.Build.0 = Debug|Any CPU
		{B6C08343-9863-44EA-9055-39D1B8EA30DB}.Release|Any CPU.ActiveCfg = Release|Any CPU
		{B6C08343-9863-44EA-9055-39D1B8EA30DB}.Release|Any CPU.Build.0 = Release|Any CPU
		{5880C922-8D1A-4C61-905D-8891BD968EAF}.Debug|Any CPU.ActiveCfg = Debug|Any CPU
		{5880C922-8D1A-4C61-905D-8891BD968EAF}.Debug|Any CPU.Build.0 = Debug|Any CPU
		{5880C922-8D1A-4C61-905D-8891BD968EAF}.Release|Any CPU.ActiveCfg = Release|Any CPU
		{5880C922-8D1A-4C61-905D-8891BD968EAF}.Release|Any CPU.Build.0 = Release|Any CPU
		{7337DF9D-EBA1-437B-A600-D0E5C7A02970}.Debug|Any CPU.ActiveCfg = Debug|Any CPU
		{7337DF9D-EBA1-437B-A600-D0E5C7A02970}.Debug|Any CPU.Build.0 = Debug|Any CPU
		{7337DF9D-EBA1-437B-A600-D0E5C7A02970}.Release|Any CPU.ActiveCfg = Release|Any CPU
		{7337DF9D-EBA1-437B-A600-D0E5C7A02970}.Release|Any CPU.Build.0 = Release|Any CPU
		{D3739F2C-DA39-4DF5-A95D-CBBF011DE4CF}.Debug|Any CPU.ActiveCfg = Debug|Any CPU
		{D3739F2C-DA39-4DF5-A95D-CBBF011DE4CF}.Debug|Any CPU.Build.0 = Debug|Any CPU
		{D3739F2C-DA39-4DF5-A95D-CBBF011DE4CF}.Release|Any CPU.ActiveCfg = Release|Any CPU
		{D3739F2C-DA39-4DF5-A95D-CBBF011DE4CF}.Release|Any CPU.Build.0 = Release|Any CPU
		{16C4BDD7-A984-4809-AFC2-34300BD5876D}.Debug|Any CPU.ActiveCfg = Debug|Any CPU
		{16C4BDD7-A984-4809-AFC2-34300BD5876D}.Debug|Any CPU.Build.0 = Debug|Any CPU
		{16C4BDD7-A984-4809-AFC2-34300BD5876D}.Release|Any CPU.ActiveCfg = Release|Any CPU
		{16C4BDD7-A984-4809-AFC2-34300BD5876D}.Release|Any CPU.Build.0 = Release|Any CPU
	EndGlobalSection
	GlobalSection(SolutionProperties) = preSolution
		HideSolutionNode = FALSE
	EndGlobalSection
	GlobalSection(NestedProjects) = preSolution
		{5880C922-8D1A-4C61-905D-8891BD968EAF} = {122DCC81-4E0E-445C-A7F6-B25304C7379C}
		{7337DF9D-EBA1-437B-A600-D0E5C7A02970} = {122DCC81-4E0E-445C-A7F6-B25304C7379C}
		{D3739F2C-DA39-4DF5-A95D-CBBF011DE4CF} = {122DCC81-4E0E-445C-A7F6-B25304C7379C}
	EndGlobalSection
	GlobalSection(ExtensibilityGlobals) = postSolution
		SolutionGuid = {DE8F1BAD-C788-4D6B-A5EA-97411150B610}
	EndGlobalSection
EndGlobal
