
Microsoft Visual Studio Solution File, Format Version 12.00
# Visual Studio Version 17
VisualStudioVersion = 17.0.32014.148
MinimumVisualStudioVersion = 10.0.40219.1
Project("{9A19103F-16F7-4668-BE54-9A1E7A4F7556}") = "Kinematicula", "Kinematicula\Kinematicula.csproj", "{0554CC27-C84E-453C-8A29-9463EF5F3BBE}"
EndProject
Project("{9A19103F-16F7-4668-BE54-9A1E7A4F7556}") = "Kinematicula.Test", "Kinematicula.Test\Kinematicula.Test.csproj", "{B6C08343-9863-44EA-9055-39D1B8EA30DB}"
EndProject
Project("{9A19103F-16F7-4668-BE54-9A1E7A4F7556}") = "CylinderDemonstration", "Demonstrations\CylinderDemonstration\CylinderDemonstration.csproj", "{EF953D94-CC57-4A92-8CB8-D3AA325685ED}"
EndProject
Project("{9A19103F-16F7-4668-BE54-9A1E7A4F7556}") = "HiddenLineViewerApi", "Demonstrations\HiddenLineViewerApi\HiddenLineViewerApi.csproj", "{5880C922-8D1A-4C61-905D-8891BD968EAF}"
EndProject
Project("{9A19103F-16F7-4668-BE54-9A1E7A4F7556}") = "SpiritAutomataDemonstration", "Demonstrations\SpiritAutomataDemonstration\SpiritAutomataDemonstration.csproj", "{796F12A6-75D5-4CD4-A279-AB0459C3BE81}"
EndProject
Project("{9A19103F-16F7-4668-BE54-9A1E7A4F7556}") = "LinearAxisDemo", "Demonstrations\LinearAxisDemo\LinearAxisDemo.csproj", "{10C820A3-2274-41C8-8751-33213002B3BB}"
EndProject
Project("{9A19103F-16F7-4668-BE54-9A1E7A4F7556}") = "PistonEngineDemonstration", "Demonstrations\PistonEngineDemonstration\PistonEngineDemonstration.csproj", "{7DB9D059-60C5-4EEE-9202-C31962396458}"
EndProject
Project("{9A19103F-16F7-4668-BE54-9A1E7A4F7556}") = "FormiculaDemonstration", "Demonstrations\FormiculaDemonstration\FormiculaDemonstration.csproj", "{0E94C9BE-757F-48C5-985D-8F23137A3189}"
EndProject
Project("{9A19103F-16F7-4668-BE54-9A1E7A4F7556}") = "DoubleRobotDemonstration", "Demonstrations\DoubleRobotDemonstration\DoubleRobotDemonstration.csproj", "{0F7A7C72-95ED-4E34-BE17-A8ACBE00B5F2}"
EndProject
Project("{2150E333-8FDC-42A3-9474-1A3956D46DE8}") = "Demonstrations", "Demonstrations", "{D856EE3C-418A-4939-A033-48859DF9BC35}"
EndProject
Project("{2150E333-8FDC-42A3-9474-1A3956D46DE8}") = "RobotDemonstartion", "RobotDemonstartion", "{177A9759-8219-4236-A865-C6A12C4B7130}"
EndProject
Project("{9A19103F-16F7-4668-BE54-9A1E7A4F7556}") = "RobotDemonstration", "Demonstrations\RobotDemonstration\RobotDemonstration\RobotDemonstration.csproj", "{B33700EF-DC32-4922-8CD6-ACBE7DF613B1}"
EndProject
Project("{9A19103F-16F7-4668-BE54-9A1E7A4F7556}") = "RobotDemonstration.Test", "Demonstrations\RobotDemonstration\RobotDemonstration.Test\RobotDemonstration.Test.csproj", "{1F7C0756-72AD-45FC-A141-630B0E14C34A}"
EndProject
Global
	GlobalSection(SolutionConfigurationPlatforms) = preSolution
		Debug|Any CPU = Debug|Any CPU
		Release|Any CPU = Release|Any CPU
	EndGlobalSection
	GlobalSection(ProjectConfigurationPlatforms) = postSolution
		{0554CC27-C84E-453C-8A29-9463EF5F3BBE}.Debug|Any CPU.ActiveCfg = Debug|Any CPU
		{0554CC27-C84E-453C-8A29-9463EF5F3BBE}.Debug|Any CPU.Build.0 = Debug|Any CPU
		{0554CC27-C84E-453C-8A29-9463EF5F3BBE}.Release|Any CPU.ActiveCfg = Release|Any CPU
		{0554CC27-C84E-453C-8A29-9463EF5F3BBE}.Release|Any CPU.Build.0 = Release|Any CPU
		{B6C08343-9863-44EA-9055-39D1B8EA30DB}.Debug|Any CPU.ActiveCfg = Debug|Any CPU
		{B6C08343-9863-44EA-9055-39D1B8EA30DB}.Debug|Any CPU.Build.0 = Debug|Any CPU
		{B6C08343-9863-44EA-9055-39D1B8EA30DB}.Release|Any CPU.ActiveCfg = Release|Any CPU
		{B6C08343-9863-44EA-9055-39D1B8EA30DB}.Release|Any CPU.Build.0 = Release|Any CPU
		{EF953D94-CC57-4A92-8CB8-D3AA325685ED}.Debug|Any CPU.ActiveCfg = Debug|Any CPU
		{EF953D94-CC57-4A92-8CB8-D3AA325685ED}.Debug|Any CPU.Build.0 = Debug|Any CPU
		{EF953D94-CC57-4A92-8CB8-D3AA325685ED}.Release|Any CPU.ActiveCfg = Release|Any CPU
		{EF953D94-CC57-4A92-8CB8-D3AA325685ED}.Release|Any CPU.Build.0 = Release|Any CPU
		{5880C922-8D1A-4C61-905D-8891BD968EAF}.Debug|Any CPU.ActiveCfg = Debug|Any CPU
		{5880C922-8D1A-4C61-905D-8891BD968EAF}.Debug|Any CPU.Build.0 = Debug|Any CPU
		{5880C922-8D1A-4C61-905D-8891BD968EAF}.Release|Any CPU.ActiveCfg = Release|Any CPU
		{5880C922-8D1A-4C61-905D-8891BD968EAF}.Release|Any CPU.Build.0 = Release|Any CPU
		{796F12A6-75D5-4CD4-A279-AB0459C3BE81}.Debug|Any CPU.ActiveCfg = Debug|Any CPU
		{796F12A6-75D5-4CD4-A279-AB0459C3BE81}.Debug|Any CPU.Build.0 = Debug|Any CPU
		{796F12A6-75D5-4CD4-A279-AB0459C3BE81}.Release|Any CPU.ActiveCfg = Release|Any CPU
		{796F12A6-75D5-4CD4-A279-AB0459C3BE81}.Release|Any CPU.Build.0 = Release|Any CPU
		{10C820A3-2274-41C8-8751-33213002B3BB}.Debug|Any CPU.ActiveCfg = Debug|Any CPU
		{10C820A3-2274-41C8-8751-33213002B3BB}.Debug|Any CPU.Build.0 = Debug|Any CPU
		{10C820A3-2274-41C8-8751-33213002B3BB}.Release|Any CPU.ActiveCfg = Release|Any CPU
		{10C820A3-2274-41C8-8751-33213002B3BB}.Release|Any CPU.Build.0 = Release|Any CPU
		{7DB9D059-60C5-4EEE-9202-C31962396458}.Debug|Any CPU.ActiveCfg = Debug|Any CPU
		{7DB9D059-60C5-4EEE-9202-C31962396458}.Debug|Any CPU.Build.0 = Debug|Any CPU
		{7DB9D059-60C5-4EEE-9202-C31962396458}.Release|Any CPU.ActiveCfg = Release|Any CPU
		{7DB9D059-60C5-4EEE-9202-C31962396458}.Release|Any CPU.Build.0 = Release|Any CPU
		{0E94C9BE-757F-48C5-985D-8F23137A3189}.Debug|Any CPU.ActiveCfg = Debug|Any CPU
		{0E94C9BE-757F-48C5-985D-8F23137A3189}.Debug|Any CPU.Build.0 = Debug|Any CPU
		{0E94C9BE-757F-48C5-985D-8F23137A3189}.Release|Any CPU.ActiveCfg = Release|Any CPU
		{0E94C9BE-757F-48C5-985D-8F23137A3189}.Release|Any CPU.Build.0 = Release|Any CPU
		{0F7A7C72-95ED-4E34-BE17-A8ACBE00B5F2}.Debug|Any CPU.ActiveCfg = Debug|Any CPU
		{0F7A7C72-95ED-4E34-BE17-A8ACBE00B5F2}.Debug|Any CPU.Build.0 = Debug|Any CPU
		{0F7A7C72-95ED-4E34-BE17-A8ACBE00B5F2}.Release|Any CPU.ActiveCfg = Release|Any CPU
		{0F7A7C72-95ED-4E34-BE17-A8ACBE00B5F2}.Release|Any CPU.Build.0 = Release|Any CPU
		{B33700EF-DC32-4922-8CD6-ACBE7DF613B1}.Debug|Any CPU.ActiveCfg = Debug|Any CPU
		{B33700EF-DC32-4922-8CD6-ACBE7DF613B1}.Debug|Any CPU.Build.0 = Debug|Any CPU
		{B33700EF-DC32-4922-8CD6-ACBE7DF613B1}.Release|Any CPU.ActiveCfg = Release|Any CPU
		{B33700EF-DC32-4922-8CD6-ACBE7DF613B1}.Release|Any CPU.Build.0 = Release|Any CPU
		{1F7C0756-72AD-45FC-A141-630B0E14C34A}.Debug|Any CPU.ActiveCfg = Debug|Any CPU
		{1F7C0756-72AD-45FC-A141-630B0E14C34A}.Debug|Any CPU.Build.0 = Debug|Any CPU
		{1F7C0756-72AD-45FC-A141-630B0E14C34A}.Release|Any CPU.ActiveCfg = Release|Any CPU
		{1F7C0756-72AD-45FC-A141-630B0E14C34A}.Release|Any CPU.Build.0 = Release|Any CPU
	EndGlobalSection
	GlobalSection(SolutionProperties) = preSolution
		HideSolutionNode = FALSE
	EndGlobalSection
	GlobalSection(NestedProjects) = preSolution
		{EF953D94-CC57-4A92-8CB8-D3AA325685ED} = {D856EE3C-418A-4939-A033-48859DF9BC35}
		{5880C922-8D1A-4C61-905D-8891BD968EAF} = {D856EE3C-418A-4939-A033-48859DF9BC35}
		{796F12A6-75D5-4CD4-A279-AB0459C3BE81} = {D856EE3C-418A-4939-A033-48859DF9BC35}
		{10C820A3-2274-41C8-8751-33213002B3BB} = {D856EE3C-418A-4939-A033-48859DF9BC35}
		{7DB9D059-60C5-4EEE-9202-C31962396458} = {D856EE3C-418A-4939-A033-48859DF9BC35}
		{0E94C9BE-757F-48C5-985D-8F23137A3189} = {D856EE3C-418A-4939-A033-48859DF9BC35}
		{0F7A7C72-95ED-4E34-BE17-A8ACBE00B5F2} = {D856EE3C-418A-4939-A033-48859DF9BC35}
		{177A9759-8219-4236-A865-C6A12C4B7130} = {D856EE3C-418A-4939-A033-48859DF9BC35}
		{B33700EF-DC32-4922-8CD6-ACBE7DF613B1} = {177A9759-8219-4236-A865-C6A12C4B7130}
		{1F7C0756-72AD-45FC-A141-630B0E14C34A} = {177A9759-8219-4236-A865-C6A12C4B7130}
	EndGlobalSection
	GlobalSection(ExtensibilityGlobals) = postSolution
		SolutionGuid = {DE8F1BAD-C788-4D6B-A5EA-97411150B610}
	EndGlobalSection
EndGlobal
